hash: 1a4e1fa4dcfc1bcd92f6e50c116d2fa50afbdfae545ae15835cc084f2b44fac1
updated: 2017-12-14T11:19:03.516934015Z
imports:
- name: github.com/sirupsen/logrus
  version: d682213848ed68c0a260ca37d6dd5ace8423f5ba
- name: github.com/urfave/cli
  version: cfb38830724cc34fedffe9a2a29fb54fa9169cd1
- name: golang.org/x/crypto
  version: 94eea52f7b742c7cbe0b03b22f0c4c8631ece122
  subpackages:
  - ssh/terminal
- name: golang.org/x/sys
  version: 1d2aa6dbdea45adaaebb9905d0666e4537563829
  subpackages:
  - unix
  - windows
testImports: []
