# This file is autogenerated, do not edit; changes may be undone by the next 'dep ensure'.


[[projects]]
  name = "github.com/Knetic/govaluate"
  packages = ["."]
  revision = "d216395917cc49052c7c7094cf57f09657ca08a8"
  version = "v3.0.0"

[[projects]]
  branch = "master"
  name = "github.com/b1v1r/nradix"
  packages = ["."]
  revision = "02d902fda05622a9bec8e173fd4b216d0cb6cc10"

[[projects]]
  name = "github.com/confluentinc/confluent-kafka-go"
  packages = ["kafka"]
  revision = "467fbeaba03c316f7799e3ae3ae25a91fafa9946"

[[projects]]
  name = "github.com/sirupsen/logrus"
  packages = ["."]
  revision = "d682213848ed68c0a260ca37d6dd5ace8423f5ba"
  version = "v1.0.4"

[[projects]]
  name = "github.com/urfave/cli"
  packages = ["."]
  revision = "cfb38830724cc34fedffe9a2a29fb54fa9169cd1"
  version = "v1.20.0"

[[projects]]
  name = "golang.org/x/crypto"
  packages = ["ssh/terminal"]
  revision = "d585fd2cc9195196078f516b69daff6744ef5e84"

[[projects]]
  name = "golang.org/x/sys"
  packages = ["unix","windows"]
  revision = "d818ba11af4465e00c1998bd3f8a55603b422290"

[solve-meta]
  analyzer-name = "dep"
  analyzer-version = 1
  inputs-digest = "0ee57b8da1c1aa097863033eff13d468783cb8efb8315948fe8c0344554626c6"
  solver-name = "gps-cdcl"
  solver-version = 1
